// !$*UTF8*$!
{
	archiveVersion = 1;
	classes = {
	};
	objectVersion = 46;
	objects = {

/* Begin PBXBuildFile section */
		004861EE1A97F058002B89E8 /* mavlink_udp.c in Sources */ = {isa = PBXBuildFile; fileRef = 004861ED1A97F058002B89E8 /* mavlink_udp.c */; };
/* End PBXBuildFile section */

/* Begin PBXCopyFilesBuildPhase section */
		001A48A71A97ED7C003EA899 /* CopyFiles */ = {
			isa = PBXCopyFilesBuildPhase;
			buildActionMask = 2147483647;
			dstPath = /usr/share/man/man1/;
			dstSubfolderSpec = 0;
			files = (
			);
			runOnlyForDeploymentPostprocessing = 1;
		};
/* End PBXCopyFilesBuildPhase section */

/* Begin PBXFileReference section */
		001A48A91A97ED7C003EA899 /* mavlink_udp */ = {isa = PBXFileReference; explicitFileType = "compiled.mach-o.executable"; includeInIndex = 0; path = mavlink_udp; sourceTree = BUILT_PRODUCTS_DIR; };
		004861ED1A97F058002B89E8 /* mavlink_udp.c */ = {isa = PBXFileReference; fileEncoding = 4; lastKnownFileType = sourcecode.c.c; path = mavlink_udp.c; sourceTree = "<group>"; };
/* End PBXFileReference section */

/* Begin PBXFrameworksBuildPhase section */
		001A48A61A97ED7C003EA899 /* Frameworks */ = {
			isa = PBXFrameworksBuildPhase;
			buildActionMask = 2147483647;
			files = (
			);
			runOnlyForDeploymentPostprocessing = 0;
		};
/* End PBXFrameworksBuildPhase section */

/* Begin PBXGroup section */
		001A48A01A97ED7C003EA899 = {
			isa = PBXGroup;
			children = (
				004861ED1A97F058002B89E8 /* mavlink_udp.c */,
				001A48AB1A97ED7C003EA899 /* mavlink_udp */,
				001A48AA1A97ED7C003EA899 /* Products */,
			);
			sourceTree = "<group>";
		};
		001A48AA1A97ED7C003EA899 /* Products */ = {
			isa = PBXGroup;
			children = (
				001A48A91A97ED7C003EA899 /* mavlink_udp */,
			);
			name = Products;
			sourceTree = "<group>";
		};
		001A48AB1A97ED7C003EA899 /* mavlink_udp */ = {
			isa = PBXGroup;
			children = (
			);
			path = mavlink_udp;
			sourceTree = "<group>";
		};
/* End PBXGroup section */

/* Begin PBXNativeTarget section */
		001A48A81A97ED7C003EA899 /* mavlink_udp */ = {
			isa = PBXNativeTarget;
			buildConfigurationList = 001A48B01A97ED7C003EA899 /* Build configuration list for PBXNativeTarget "mavlink_udp" */;
			buildPhases = (
				001A48A51A97ED7C003EA899 /* Sources */,
				001A48A61A97ED7C003EA899 /* Frameworks */,
				001A48A71A97ED7C003EA899 /* CopyFiles */,
			);
			buildRules = (
			);
			dependencies = (
			);
			name = mavlink_udp;
			productName = mavlink_udp;
			productReference = 001A48A91A97ED7C003EA899 /* mavlink_udp */;
			productType = "com.apple.product-type.tool";
		};
/* End PBXNativeTarget section */

/* Begin PBXProject section */
		001A48A11A97ED7C003EA899 /* Project object */ = {
			isa = PBXProject;
			attributes = {
				LastUpgradeCheck = 0610;
				ORGANIZATIONNAME = swimr;
				TargetAttributes = {
					001A48A81A97ED7C003EA899 = {
						CreatedOnToolsVersion = 6.1.1;
					};
				};
			};
			buildConfigurationList = 001A48A41A97ED7C003EA899 /* Build configuration list for PBXProject "mavlink_udp" */;
			compatibilityVersion = "Xcode 3.2";
			developmentRegion = English;
			hasScannedForEncodings = 0;
			knownRegions = (
				en,
			);
			mainGroup = 001A48A01A97ED7C003EA899;
			productRefGroup = 001A48AA1A97ED7C003EA899 /* Products */;
			projectDirPath = "";
			projectRoot = "";
			targets = (
				001A48A81A97ED7C003EA899 /* mavlink_udp */,
			);
		};
/* End PBXProject section */

/* Begin PBXSourcesBuildPhase section */
		001A48A51A97ED7C003EA899 /* Sources */ = {
			isa = PBXSourcesBuildPhase;
			buildActionMask = 2147483647;
			files = (
				004861EE1A97F058002B89E8 /* mavlink_udp.c in Sources */,
			);
			runOnlyForDeploymentPostprocessing = 0;
		};
/* End PBXSourcesBuildPhase section */

/* Begin XCBuildConfiguration section */
		001A48AE1A97ED7C003EA899 /* Debug */ = {
			isa = XCBuildConfiguration;
			buildSettings = {
				ALWAYS_SEARCH_USER_PATHS = NO;
				CLANG_CXX_LANGUAGE_STANDARD = "gnu++0x";
				CLANG_CXX_LIBRARY = "libc++";
				CLANG_ENABLE_MODULES = YES;
				CLANG_ENABLE_OBJC_ARC = YES;
				CLANG_WARN_BOOL_CONVERSION = YES;
				CLANG_WARN_CONSTANT_CONVERSION = YES;
				CLANG_WARN_DIRECT_OBJC_ISA_USAGE = YES_ERROR;
				CLANG_WARN_EMPTY_BODY = YES;
				CLANG_WARN_ENUM_CONVERSION = YES;
				CLANG_WARN_INT_CONVERSION = YES;
				CLANG_WARN_OBJC_ROOT_CLASS = YES_ERROR;
				CLANG_WARN_UNREACHABLE_CODE = YES;
				CLANG_WARN__DUPLICATE_METHOD_MATCH = YES;
				COPY_PHASE_STRIP = NO;
				ENABLE_STRICT_OBJC_MSGSEND = YES;
				GCC_C_LANGUAGE_STANDARD = gnu99;
				GCC_DYNAMIC_NO_PIC = NO;
				GCC_OPTIMIZATION_LEVEL = 0;
				GCC_PREPROCESSOR_DEFINITIONS = (
					"DEBUG=1",
					"$(inherited)",
				);
				GCC_SYMBOLS_PRIVATE_EXTERN = NO;
				GCC_WARN_64_TO_32_BIT_CONVERSION = YES;
				GCC_WARN_ABOUT_RETURN_TYPE = YES_ERROR;
				GCC_WARN_UNDECLARED_SELECTOR = YES;
				GCC_WARN_UNINITIALIZED_AUTOS = YES_AGGRESSIVE;
				GCC_WARN_UNUSED_FUNCTION = YES;
				GCC_WARN_UNUSED_VARIABLE = YES;
				MACOSX_DEPLOYMENT_TARGET = 10.10;
				MTL_ENABLE_DEBUG_INFO = YES;
				ONLY_ACTIVE_ARCH = YES;
				SDKROOT = macosx;
			};
			name = Debug;
		};
		001A48AF1A97ED7C003EA899 /* Release */ = {
			isa = XCBuildConfiguration;
			buildSettings = {
				ALWAYS_SEARCH_USER_PATHS = NO;
				CLANG_CXX_LANGUAGE_STANDARD = "gnu++0x";
				CLANG_CXX_LIBRARY = "libc++";
				CLANG_ENABLE_MODULES = YES;
				CLANG_ENABLE_OBJC_ARC = YES;
				CLANG_WARN_BOOL_CONVERSION = YES;
				CLANG_WARN_CONSTANT_CONVERSION = YES;
				CLANG_WARN_DIRECT_OBJC_ISA_USAGE = YES_ERROR;
				CLANG_WARN_EMPTY_BODY = YES;
				CLANG_WARN_ENUM_CONVERSION = YES;
				CLANG_WARN_INT_CONVERSION = YES;
				CLANG_WARN_OBJC_ROOT_CLASS = YES_ERROR;
				CLANG_WARN_UNREACHABLE_CODE = YES;
				CLANG_WARN__DUPLICATE_METHOD_MATCH = YES;
				COPY_PHASE_STRIP = YES;
				DEBUG_INFORMATION_FORMAT = "dwarf-with-dsym";
				ENABLE_NS_ASSERTIONS = NO;
				ENABLE_STRICT_OBJC_MSGSEND = YES;
				GCC_C_LANGUAGE_STANDARD = gnu99;
				GCC_WARN_64_TO_32_BIT_CONVERSION = YES;
				GCC_WARN_ABOUT_RETURN_TYPE = YES_ERROR;
				GCC_WARN_UNDECLARED_SELECTOR = YES;
				GCC_WARN_UNINITIALIZED_AUTOS = YES_AGGRESSIVE;
				GCC_WARN_UNUSED_FUNCTION = YES;
				GCC_WARN_UNUSED_VARIABLE = YES;
				MACOSX_DEPLOYMENT_TARGET = 10.10;
				MTL_ENABLE_DEBUG_INFO = NO;
				SDKROOT = macosx;
			};
			name = Release;
		};
		001A48B11A97ED7C003EA899 /* Debug */ = {
			isa = XCBuildConfiguration;
			buildSettings = {
				HEADER_SEARCH_PATHS = (
					"$(inherited)",
					/Applications/Xcode.app/Contents/Developer/Toolchains/XcodeDefault.xctoolchain/usr/include,
					/Users/aaa/uav/Firmware/mavlink/include/mavlink/v1.0/pixhawk,
				);
				PRODUCT_NAME = "$(TARGET_NAME)";
			};
			name = Debug;
		};
		001A48B21A97ED7C003EA899 /* Release */ = {
			isa = XCBuildConfiguration;
			buildSettings = {
				HEADER_SEARCH_PATHS = (
					"$(inherited)",
					/Applications/Xcode.app/Contents/Developer/Toolchains/XcodeDefault.xctoolchain/usr/include,
					/Users/aaa/uav/Firmware/mavlink/include/mavlink/v1.0/pixhawk,
				);
				PRODUCT_NAME = "$(TARGET_NAME)";
			};
			name = Release;
		};
/* End XCBuildConfiguration section */

/* Begin XCConfigurationList section */
		001A48A41A97ED7C003EA899 /* Build configuration list for PBXProject "mavlink_udp" */ = {
			isa = XCConfigurationList;
			buildConfigurations = (
				001A48AE1A97ED7C003EA899 /* Debug */,
				001A48AF1A97ED7C003EA899 /* Release */,
			);
			defaultConfigurationIsVisible = 0;
			defaultConfigurationName = Release;
		};
		001A48B01A97ED7C003EA899 /* Build configuration list for PBXNativeTarget "mavlink_udp" */ = {
			isa = XCConfigurationList;
			buildConfigurations = (
				001A48B11A97ED7C003EA899 /* Debug */,
				001A48B21A97ED7C003EA899 /* Release */,
			);
			defaultConfigurationIsVisible = 0;
			defaultConfigurationName = Release;
		};
/* End XCConfigurationList section */
	};
	rootObject = 001A48A11A97ED7C003EA899 /* Project object */;
}
